
Microsoft Visual Studio Solution File, Format Version 12.00
# Visual Studio Version 16
VisualStudioVersion = 16.0.31424.327
MinimumVisualStudioVersion = 10.0.40219.1
Project("{FAE04EC0-301F-11D3-BF4B-00C04F79EFBC}") = "Insert_Query_Helper", "Insert_Query_Helper.csproj", "{ACDCA456-DE77-4C88-9A55-A38E94138096}"
EndProject
Global
	GlobalSection(SolutionConfigurationPlatforms) = preSolution
		Debug|Any CPU = Debug|Any CPU
		Release|Any CPU = Release|Any CPU
	EndGlobalSection
	GlobalSection(ProjectConfigurationPlatforms) = postSolution
		{ACDCA456-DE77-4C88-9A55-A38E94138096}.Debug|Any CPU.ActiveCfg = Debug|Any CPU
		{ACDCA456-DE77-4C88-9A55-A38E94138096}.Debug|Any CPU.Build.0 = Debug|Any CPU
		{ACDCA456-DE77-4C88-9A55-A38E94138096}.Release|Any CPU.ActiveCfg = Release|Any CPU
		{ACDCA456-DE77-4C88-9A55-A38E94138096}.Release|Any CPU.Build.0 = Release|Any CPU
	EndGlobalSection
	GlobalSection(SolutionProperties) = preSolution
		HideSolutionNode = FALSE
	EndGlobalSection
	GlobalSection(ExtensibilityGlobals) = postSolution
		SolutionGuid = {AF07DC8A-96E1-4938-8A63-EC707C2E56C9}
	EndGlobalSection
EndGlobal
